// !$*UTF8*$!
{
	archiveVersion = 1;
	classes = {
	};
	objectVersion = 46;
	objects = {

/* Begin PBXBuildFile section */
		183C03611A925A100049D731 /* AppDelegate.swift in Sources */ = {isa = PBXBuildFile; fileRef = 183C03601A925A100049D731 /* AppDelegate.swift */; };
		183C03631A925A100049D731 /* ViewController.swift in Sources */ = {isa = PBXBuildFile; fileRef = 183C03621A925A100049D731 /* ViewController.swift */; };
		183C03661A925A100049D731 /* Main.storyboard in Resources */ = {isa = PBXBuildFile; fileRef = 183C03641A925A100049D731 /* Main.storyboard */; };
		183C03681A925A100049D731 /* Images.xcassets in Resources */ = {isa = PBXBuildFile; fileRef = 183C03671A925A100049D731 /* Images.xcassets */; };
		183C036B1A925A100049D731 /* LaunchScreen.xib in Resources */ = {isa = PBXBuildFile; fileRef = 183C03691A925A100049D731 /* LaunchScreen.xib */; };
		183C03771A925A100049D731 /* QuizTests.swift in Sources */ = {isa = PBXBuildFile; fileRef = 183C03761A925A100049D731 /* QuizTests.swift */; };
/* End PBXBuildFile section */

/* Begin PBXContainerItemProxy section */
		183C03711A925A100049D731 /* PBXContainerItemProxy */ = {
			isa = PBXContainerItemProxy;
			containerPortal = 183C03531A925A100049D731 /* Project object */;
			proxyType = 1;
			remoteGlobalIDString = 183C035A1A925A100049D731;
			remoteInfo = Quiz;
		};
/* End PBXContainerItemProxy section */

/* Begin PBXFileReference section */
		183C035B1A925A100049D731 /* Quiz.app */ = {isa = PBXFileReference; explicitFileType = wrapper.application; includeInIndex = 0; path = Quiz.app; sourceTree = BUILT_PRODUCTS_DIR; };
		183C035F1A925A100049D731 /* Info.plist */ = {isa = PBXFileReference; lastKnownFileType = text.plist.xml; path = Info.plist; sourceTree = "<group>"; };
		183C03601A925A100049D731 /* AppDelegate.swift */ = {isa = PBXFileReference; lastKnownFileType = sourcecode.swift; path = AppDelegate.swift; sourceTree = "<group>"; };
		183C03621A925A100049D731 /* ViewController.swift */ = {isa = PBXFileReference; lastKnownFileType = sourcecode.swift; path = ViewController.swift; sourceTree = "<group>"; };
		183C03651A925A100049D731 /* Base */ = {isa = PBXFileReference; lastKnownFileType = file.storyboard; name = Base; path = Base.lproj/Main.storyboard; sourceTree = "<group>"; };
		183C03671A925A100049D731 /* Images.xcassets */ = {isa = PBXFileReference; lastKnownFileType = folder.assetcatalog; path = Images.xcassets; sourceTree = "<group>"; };
		183C036A1A925A100049D731 /* Base */ = {isa = PBXFileReference; lastKnownFileType = file.xib; name = Base; path = Base.lproj/LaunchScreen.xib; sourceTree = "<group>"; };
		183C03701A925A100049D731 /* QuizTests.xctest */ = {isa = PBXFileReference; explicitFileType = wrapper.cfbundle; includeInIndex = 0; path = QuizTests.xctest; sourceTree = BUILT_PRODUCTS_DIR; };
		183C03751A925A100049D731 /* Info.plist */ = {isa = PBXFileReference; lastKnownFileType = text.plist.xml; path = Info.plist; sourceTree = "<group>"; };
		183C03761A925A100049D731 /* QuizTests.swift */ = {isa = PBXFileReference; lastKnownFileType = sourcecode.swift; path = QuizTests.swift; sourceTree = "<group>"; };
/* End PBXFileReference section */

/* Begin PBXFrameworksBuildPhase section */
		183C03581A925A100049D731 /* Frameworks */ = {
			isa = PBXFrameworksBuildPhase;
			buildActionMask = 2147483647;
			files = (
			);
			runOnlyForDeploymentPostprocessing = 0;
		};
		183C036D1A925A100049D731 /* Frameworks */ = {
			isa = PBXFrameworksBuildPhase;
			buildActionMask = 2147483647;
			files = (
			);
			runOnlyForDeploymentPostprocessing = 0;
		};
/* End PBXFrameworksBuildPhase section */

/* Begin PBXGroup section */
		183C03521A925A100049D731 = {
			isa = PBXGroup;
			children = (
				183C035D1A925A100049D731 /* Quiz */,
				183C03731A925A100049D731 /* QuizTests */,
				183C035C1A925A100049D731 /* Products */,
			);
			sourceTree = "<group>";
		};
		183C035C1A925A100049D731 /* Products */ = {
			isa = PBXGroup;
			children = (
				183C035B1A925A100049D731 /* Quiz.app */,
				183C03701A925A100049D731 /* QuizTests.xctest */,
			);
			name = Products;
			sourceTree = "<group>";
		};
		183C035D1A925A100049D731 /* Quiz */ = {
			isa = PBXGroup;
			children = (
				183C03601A925A100049D731 /* AppDelegate.swift */,
				183C03621A925A100049D731 /* ViewController.swift */,
				183C03641A925A100049D731 /* Main.storyboard */,
				183C03671A925A100049D731 /* Images.xcassets */,
				183C03691A925A100049D731 /* LaunchScreen.xib */,
				183C035E1A925A100049D731 /* Supporting Files */,
			);
			path = Quiz;
			sourceTree = "<group>";
		};
		183C035E1A925A100049D731 /* Supporting Files */ = {
			isa = PBXGroup;
			children = (
				183C035F1A925A100049D731 /* Info.plist */,
			);
			name = "Supporting Files";
			sourceTree = "<group>";
		};
		183C03731A925A100049D731 /* QuizTests */ = {
			isa = PBXGroup;
			children = (
				183C03761A925A100049D731 /* QuizTests.swift */,
				183C03741A925A100049D731 /* Supporting Files */,
			);
			path = QuizTests;
			sourceTree = "<group>";
		};
		183C03741A925A100049D731 /* Supporting Files */ = {
			isa = PBXGroup;
			children = (
				183C03751A925A100049D731 /* Info.plist */,
			);
			name = "Supporting Files";
			sourceTree = "<group>";
		};
/* End PBXGroup section */

/* Begin PBXNativeTarget section */
		183C035A1A925A100049D731 /* Quiz */ = {
			isa = PBXNativeTarget;
			buildConfigurationList = 183C037A1A925A100049D731 /* Build configuration list for PBXNativeTarget "Quiz" */;
			buildPhases = (
				183C03571A925A100049D731 /* Sources */,
				183C03581A925A100049D731 /* Frameworks */,
				183C03591A925A100049D731 /* Resources */,
			);
			buildRules = (
			);
			dependencies = (
			);
			name = Quiz;
			productName = Quiz;
			productReference = 183C035B1A925A100049D731 /* Quiz.app */;
			productType = "com.apple.product-type.application";
		};
		183C036F1A925A100049D731 /* QuizTests */ = {
			isa = PBXNativeTarget;
			buildConfigurationList = 183C037D1A925A100049D731 /* Build configuration list for PBXNativeTarget "QuizTests" */;
			buildPhases = (
				183C036C1A925A100049D731 /* Sources */,
				183C036D1A925A100049D731 /* Frameworks */,
				183C036E1A925A100049D731 /* Resources */,
			);
			buildRules = (
			);
			dependencies = (
				183C03721A925A100049D731 /* PBXTargetDependency */,
			);
			name = QuizTests;
			productName = QuizTests;
			productReference = 183C03701A925A100049D731 /* QuizTests.xctest */;
			productType = "com.apple.product-type.bundle.unit-test";
		};
/* End PBXNativeTarget section */

/* Begin PBXProject section */
		183C03531A925A100049D731 /* Project object */ = {
			isa = PBXProject;
			attributes = {
				LastUpgradeCheck = 0610;
				ORGANIZATIONNAME = "Johanna Lichtman";
				TargetAttributes = {
					183C035A1A925A100049D731 = {
						CreatedOnToolsVersion = 6.1.1;
					};
					183C036F1A925A100049D731 = {
						CreatedOnToolsVersion = 6.1.1;
						TestTargetID = 183C035A1A925A100049D731;
					};
				};
			};
			buildConfigurationList = 183C03561A925A100049D731 /* Build configuration list for PBXProject "Quiz" */;
			compatibilityVersion = "Xcode 3.2";
			developmentRegion = English;
			hasScannedForEncodings = 0;
			knownRegions = (
				en,
				Base,
			);
			mainGroup = 183C03521A925A100049D731;
			productRefGroup = 183C035C1A925A100049D731 /* Products */;
			projectDirPath = "";
			projectRoot = "";
			targets = (
				183C035A1A925A100049D731 /* Quiz */,
				183C036F1A925A100049D731 /* QuizTests */,
			);
		};
/* End PBXProject section */

/* Begin PBXResourcesBuildPhase section */
		183C03591A925A100049D731 /* Resources */ = {
			isa = PBXResourcesBuildPhase;
			buildActionMask = 2147483647;
			files = (
				183C03661A925A100049D731 /* Main.storyboard in Resources */,
				183C036B1A925A100049D731 /* LaunchScreen.xib in Resources */,
				183C03681A925A100049D731 /* Images.xcassets in Resources */,
			);
			runOnlyForDeploymentPostprocessing = 0;
		};
		183C036E1A925A100049D731 /* Resources */ = {
			isa = PBXResourcesBuildPhase;
			buildActionMask = 2147483647;
			files = (
			);
			runOnlyForDeploymentPostprocessing = 0;
		};
/* End PBXResourcesBuildPhase section */

/* Begin PBXSourcesBuildPhase section */
		183C03571A925A100049D731 /* Sources */ = {
			isa = PBXSourcesBuildPhase;
			buildActionMask = 2147483647;
			files = (
				183C03631A925A100049D731 /* ViewController.swift in Sources */,
				183C03611A925A100049D731 /* AppDelegate.swift in Sources */,
			);
			runOnlyForDeploymentPostprocessing = 0;
		};
		183C036C1A925A100049D731 /* Sources */ = {
			isa = PBXSourcesBuildPhase;
			buildActionMask = 2147483647;
			files = (
				183C03771A925A100049D731 /* QuizTests.swift in Sources */,
			);
			runOnlyForDeploymentPostprocessing = 0;
		};
/* End PBXSourcesBuildPhase section */

/* Begin PBXTargetDependency section */
		183C03721A925A100049D731 /* PBXTargetDependency */ = {
			isa = PBXTargetDependency;
			target = 183C035A1A925A100049D731 /* Quiz */;
			targetProxy = 183C03711A925A100049D731 /* PBXContainerItemProxy */;
		};
/* End PBXTargetDependency section */

/* Begin PBXVariantGroup section */
		183C03641A925A100049D731 /* Main.storyboard */ = {
			isa = PBXVariantGroup;
			children = (
				183C03651A925A100049D731 /* Base */,
			);
			name = Main.storyboard;
			sourceTree = "<group>";
		};
		183C03691A925A100049D731 /* LaunchScreen.xib */ = {
			isa = PBXVariantGroup;
			children = (
				183C036A1A925A100049D731 /* Base */,
			);
			name = LaunchScreen.xib;
			sourceTree = "<group>";
		};
/* End PBXVariantGroup section */

/* Begin XCBuildConfiguration section */
		183C03781A925A100049D731 /* Debug */ = {
			isa = XCBuildConfiguration;
			buildSettings = {
				ALWAYS_SEARCH_USER_PATHS = NO;
				CLANG_CXX_LANGUAGE_STANDARD = "gnu++0x";
				CLANG_CXX_LIBRARY = "libc++";
				CLANG_ENABLE_MODULES = YES;
				CLANG_ENABLE_OBJC_ARC = YES;
				CLANG_WARN_BOOL_CONVERSION = YES;
				CLANG_WARN_CONSTANT_CONVERSION = YES;
				CLANG_WARN_DIRECT_OBJC_ISA_USAGE = YES_ERROR;
				CLANG_WARN_EMPTY_BODY = YES;
				CLANG_WARN_ENUM_CONVERSION = YES;
				CLANG_WARN_INT_CONVERSION = YES;
				CLANG_WARN_OBJC_ROOT_CLASS = YES_ERROR;
				CLANG_WARN_UNREACHABLE_CODE = YES;
				CLANG_WARN__DUPLICATE_METHOD_MATCH = YES;
				"CODE_SIGN_IDENTITY[sdk=iphoneos*]" = "iPhone Developer";
				COPY_PHASE_STRIP = NO;
				ENABLE_STRICT_OBJC_MSGSEND = YES;
				GCC_C_LANGUAGE_STANDARD = gnu99;
				GCC_DYNAMIC_NO_PIC = NO;
				GCC_OPTIMIZATION_LEVEL = 0;
				GCC_PREPROCESSOR_DEFINITIONS = (
					"DEBUG=1",
					"$(inherited)",
				);
				GCC_SYMBOLS_PRIVATE_EXTERN = NO;
				GCC_WARN_64_TO_32_BIT_CONVERSION = YES;
				GCC_WARN_ABOUT_RETURN_TYPE = YES_ERROR;
				GCC_WARN_UNDECLARED_SELECTOR = YES;
				GCC_WARN_UNINITIALIZED_AUTOS = YES_AGGRESSIVE;
				GCC_WARN_UNUSED_FUNCTION = YES;
				GCC_WARN_UNUSED_VARIABLE = YES;
				IPHONEOS_DEPLOYMENT_TARGET = 8.1;
				MTL_ENABLE_DEBUG_INFO = YES;
				ONLY_ACTIVE_ARCH = YES;
				SDKROOT = iphoneos;
				SWIFT_OPTIMIZATION_LEVEL = "-Onone";
			};
			name = Debug;
		};
		183C03791A925A100049D731 /* Release */ = {
			isa = XCBuildConfiguration;
			buildSettings = {
				ALWAYS_SEARCH_USER_PATHS = NO;
				CLANG_CXX_LANGUAGE_STANDARD = "gnu++0x";
				CLANG_CXX_LIBRARY = "libc++";
				CLANG_ENABLE_MODULES = YES;
				CLANG_ENABLE_OBJC_ARC = YES;
				CLANG_WARN_BOOL_CONVERSION = YES;
				CLANG_WARN_CONSTANT_CONVERSION = YES;
				CLANG_WARN_DIRECT_OBJC_ISA_USAGE = YES_ERROR;
				CLANG_WARN_EMPTY_BODY = YES;
				CLANG_WARN_ENUM_CONVERSION = YES;
				CLANG_WARN_INT_CONVERSION = YES;
				CLANG_WARN_OBJC_ROOT_CLASS = YES_ERROR;
				CLANG_WARN_UNREACHABLE_CODE = YES;
				CLANG_WARN__DUPLICATE_METHOD_MATCH = YES;
				"CODE_SIGN_IDENTITY[sdk=iphoneos*]" = "iPhone Developer";
				COPY_PHASE_STRIP = YES;
				ENABLE_NS_ASSERTIONS = NO;
				ENABLE_STRICT_OBJC_MSGSEND = YES;
				GCC_C_LANGUAGE_STANDARD = gnu99;
				GCC_WARN_64_TO_32_BIT_CONVERSION = YES;
				GCC_WARN_ABOUT_RETURN_TYPE = YES_ERROR;
				GCC_WARN_UNDECLARED_SELECTOR = YES;
				GCC_WARN_UNINITIALIZED_AUTOS = YES_AGGRESSIVE;
				GCC_WARN_UNUSED_FUNCTION = YES;
				GCC_WARN_UNUSED_VARIABLE = YES;
				IPHONEOS_DEPLOYMENT_TARGET = 8.1;
				MTL_ENABLE_DEBUG_INFO = NO;
				SDKROOT = iphoneos;
				VALIDATE_PRODUCT = YES;
			};
			name = Release;
		};
		183C037B1A925A100049D731 /* Debug */ = {
			isa = XCBuildConfiguration;
			buildSettings = {
				ASSETCATALOG_COMPILER_APPICON_NAME = AppIcon;
				INFOPLIST_FILE = Quiz/Info.plist;
				LD_RUNPATH_SEARCH_PATHS = "$(inherited) @executable_path/Frameworks";
				PRODUCT_NAME = "$(TARGET_NAME)";
				TARGETED_DEVICE_FAMILY = 1;
			};
			name = Debug;
		};
		183C037C1A925A100049D731 /* Release */ = {
			isa = XCBuildConfiguration;
			buildSettings = {
				ASSETCATALOG_COMPILER_APPICON_NAME = AppIcon;
				INFOPLIST_FILE = Quiz/Info.plist;
				LD_RUNPATH_SEARCH_PATHS = "$(inherited) @executable_path/Frameworks";
				PRODUCT_NAME = "$(TARGET_NAME)";
				TARGETED_DEVICE_FAMILY = 1;
			};
			name = Release;
		};
		183C037E1A925A100049D731 /* Debug */ = {
			isa = XCBuildConfiguration;
			buildSettings = {
				BUNDLE_LOADER = "$(TEST_HOST)";
				FRAMEWORK_SEARCH_PATHS = (
					"$(SDKROOT)/Developer/Library/Frameworks",
					"$(inherited)",
				);
				GCC_PREPROCESSOR_DEFINITIONS = (
					"DEBUG=1",
					"$(inherited)",
				);
				INFOPLIST_FILE = QuizTests/Info.plist;
				LD_RUNPATH_SEARCH_PATHS = "$(inherited) @executable_path/Frameworks @loader_path/Frameworks";
				PRODUCT_NAME = "$(TARGET_NAME)";
				TEST_HOST = "$(BUILT_PRODUCTS_DIR)/Quiz.app/Quiz";
			};
			name = Debug;
		};
		183C037F1A925A100049D731 /* Release */ = {
			isa = XCBuildConfiguration;
			buildSettings = {
				BUNDLE_LOADER = "$(TEST_HOST)";
				FRAMEWORK_SEARCH_PATHS = (
					"$(SDKROOT)/Developer/Library/Frameworks",
					"$(inherited)",
				);
				INFOPLIST_FILE = QuizTests/Info.plist;
				LD_RUNPATH_SEARCH_PATHS = "$(inherited) @executable_path/Frameworks @loader_path/Frameworks";
				PRODUCT_NAME = "$(TARGET_NAME)";
				TEST_HOST = "$(BUILT_PRODUCTS_DIR)/Quiz.app/Quiz";
			};
			name = Release;
		};
/* End XCBuildConfiguration section */

/* Begin XCConfigurationList section */
		183C03561A925A100049D731 /* Build configuration list for PBXProject "Quiz" */ = {
			isa = XCConfigurationList;
			buildConfigurations = (
				183C03781A925A100049D731 /* Debug */,
				183C03791A925A100049D731 /* Release */,
			);
			defaultConfigurationIsVisible = 0;
			defaultConfigurationName = Release;
		};
		183C037A1A925A100049D731 /* Build configuration list for PBXNativeTarget "Quiz" */ = {
			isa = XCConfigurationList;
			buildConfigurations = (
				183C037B1A925A100049D731 /* Debug */,
				183C037C1A925A100049D731 /* Release */,
			);
			defaultConfigurationIsVisible = 0;
		};
		183C037D1A925A100049D731 /* Build configuration list for PBXNativeTarget "QuizTests" */ = {
			isa = XCConfigurationList;
			buildConfigurations = (
				183C037E1A925A100049D731 /* Debug */,
				183C037F1A925A100049D731 /* Release */,
			);
			defaultConfigurationIsVisible = 0;
		};
/* End XCConfigurationList section */
	};
	rootObject = 183C03531A925A100049D731 /* Project object */;
}
