// !$*UTF8*$!
{
	archiveVersion = 1;
	classes = {
	};
	objectVersion = 46;
	objects = {

/* Begin PBXBuildFile section */
		185F39311A92A75B00ABF846 /* HypnosisView.swift in Sources */ = {isa = PBXBuildFile; fileRef = 185F39301A92A75B00ABF846 /* HypnosisView.swift */; };
		185F39331A92C6C600ABF846 /* MiniMapView.swift in Sources */ = {isa = PBXBuildFile; fileRef = 185F39321A92C6C600ABF846 /* MiniMapView.swift */; };
		185F39351A93B2AD00ABF846 /* HypnosisViewController.swift in Sources */ = {isa = PBXBuildFile; fileRef = 185F39341A93B2AD00ABF846 /* HypnosisViewController.swift */; };
		185F39371A93B4C400ABF846 /* ReminderViewController.swift in Sources */ = {isa = PBXBuildFile; fileRef = 185F39361A93B4C300ABF846 /* ReminderViewController.swift */; };
		185F39391A93B58D00ABF846 /* ReminderViewController.xib in Resources */ = {isa = PBXBuildFile; fileRef = 185F39381A93B58D00ABF846 /* ReminderViewController.xib */; };
		188410151A929CA5009B897A /* AppDelegate.swift in Sources */ = {isa = PBXBuildFile; fileRef = 188410141A929CA5009B897A /* AppDelegate.swift */; };
		188410171A929CA5009B897A /* ViewController.swift in Sources */ = {isa = PBXBuildFile; fileRef = 188410161A929CA5009B897A /* ViewController.swift */; };
		1884101C1A929CA5009B897A /* Images.xcassets in Resources */ = {isa = PBXBuildFile; fileRef = 1884101B1A929CA5009B897A /* Images.xcassets */; };
		1884101F1A929CA5009B897A /* LaunchScreen.xib in Resources */ = {isa = PBXBuildFile; fileRef = 1884101D1A929CA5009B897A /* LaunchScreen.xib */; };
		1884102B1A929CA5009B897A /* HypnosystemTests.swift in Sources */ = {isa = PBXBuildFile; fileRef = 1884102A1A929CA5009B897A /* HypnosystemTests.swift */; };
/* End PBXBuildFile section */

/* Begin PBXContainerItemProxy section */
		188410251A929CA5009B897A /* PBXContainerItemProxy */ = {
			isa = PBXContainerItemProxy;
			containerPortal = 188410071A929CA5009B897A /* Project object */;
			proxyType = 1;
			remoteGlobalIDString = 1884100E1A929CA5009B897A;
			remoteInfo = Hypnosystem;
		};
/* End PBXContainerItemProxy section */

/* Begin PBXFileReference section */
		185F39301A92A75B00ABF846 /* HypnosisView.swift */ = {isa = PBXFileReference; fileEncoding = 4; lastKnownFileType = sourcecode.swift; path = HypnosisView.swift; sourceTree = "<group>"; };
		185F39321A92C6C600ABF846 /* MiniMapView.swift */ = {isa = PBXFileReference; fileEncoding = 4; lastKnownFileType = sourcecode.swift; path = MiniMapView.swift; sourceTree = "<group>"; };
		185F39341A93B2AD00ABF846 /* HypnosisViewController.swift */ = {isa = PBXFileReference; fileEncoding = 4; lastKnownFileType = sourcecode.swift; path = HypnosisViewController.swift; sourceTree = "<group>"; };
		185F39361A93B4C300ABF846 /* ReminderViewController.swift */ = {isa = PBXFileReference; fileEncoding = 4; lastKnownFileType = sourcecode.swift; path = ReminderViewController.swift; sourceTree = "<group>"; };
		185F39381A93B58D00ABF846 /* ReminderViewController.xib */ = {isa = PBXFileReference; fileEncoding = 4; lastKnownFileType = file.xib; path = ReminderViewController.xib; sourceTree = "<group>"; };
		1884100F1A929CA5009B897A /* Hypnosystem.app */ = {isa = PBXFileReference; explicitFileType = wrapper.application; includeInIndex = 0; path = Hypnosystem.app; sourceTree = BUILT_PRODUCTS_DIR; };
		188410131A929CA5009B897A /* Info.plist */ = {isa = PBXFileReference; lastKnownFileType = text.plist.xml; path = Info.plist; sourceTree = "<group>"; };
		188410141A929CA5009B897A /* AppDelegate.swift */ = {isa = PBXFileReference; lastKnownFileType = sourcecode.swift; path = AppDelegate.swift; sourceTree = "<group>"; };
		188410161A929CA5009B897A /* ViewController.swift */ = {isa = PBXFileReference; lastKnownFileType = sourcecode.swift; path = ViewController.swift; sourceTree = "<group>"; };
		1884101B1A929CA5009B897A /* Images.xcassets */ = {isa = PBXFileReference; lastKnownFileType = folder.assetcatalog; path = Images.xcassets; sourceTree = "<group>"; };
		1884101E1A929CA5009B897A /* Base */ = {isa = PBXFileReference; lastKnownFileType = file.xib; name = Base; path = Base.lproj/LaunchScreen.xib; sourceTree = "<group>"; };
		188410241A929CA5009B897A /* HypnosystemTests.xctest */ = {isa = PBXFileReference; explicitFileType = wrapper.cfbundle; includeInIndex = 0; path = HypnosystemTests.xctest; sourceTree = BUILT_PRODUCTS_DIR; };
		188410291A929CA5009B897A /* Info.plist */ = {isa = PBXFileReference; lastKnownFileType = text.plist.xml; path = Info.plist; sourceTree = "<group>"; };
		1884102A1A929CA5009B897A /* HypnosystemTests.swift */ = {isa = PBXFileReference; lastKnownFileType = sourcecode.swift; path = HypnosystemTests.swift; sourceTree = "<group>"; };
/* End PBXFileReference section */

/* Begin PBXFrameworksBuildPhase section */
		1884100C1A929CA5009B897A /* Frameworks */ = {
			isa = PBXFrameworksBuildPhase;
			buildActionMask = 2147483647;
			files = (
			);
			runOnlyForDeploymentPostprocessing = 0;
		};
		188410211A929CA5009B897A /* Frameworks */ = {
			isa = PBXFrameworksBuildPhase;
			buildActionMask = 2147483647;
			files = (
			);
			runOnlyForDeploymentPostprocessing = 0;
		};
/* End PBXFrameworksBuildPhase section */

/* Begin PBXGroup section */
		188410061A929CA5009B897A = {
			isa = PBXGroup;
			children = (
				188410111A929CA5009B897A /* Hypnosystem */,
				188410271A929CA5009B897A /* HypnosystemTests */,
				188410101A929CA5009B897A /* Products */,
			);
			sourceTree = "<group>";
		};
		188410101A929CA5009B897A /* Products */ = {
			isa = PBXGroup;
			children = (
				1884100F1A929CA5009B897A /* Hypnosystem.app */,
				188410241A929CA5009B897A /* HypnosystemTests.xctest */,
			);
			name = Products;
			sourceTree = "<group>";
		};
		188410111A929CA5009B897A /* Hypnosystem */ = {
			isa = PBXGroup;
			children = (
				188410141A929CA5009B897A /* AppDelegate.swift */,
				185F39301A92A75B00ABF846 /* HypnosisView.swift */,
				185F39361A93B4C300ABF846 /* ReminderViewController.swift */,
				185F39381A93B58D00ABF846 /* ReminderViewController.xib */,
				185F39341A93B2AD00ABF846 /* HypnosisViewController.swift */,
				185F39321A92C6C600ABF846 /* MiniMapView.swift */,
				188410161A929CA5009B897A /* ViewController.swift */,
				1884101B1A929CA5009B897A /* Images.xcassets */,
				1884101D1A929CA5009B897A /* LaunchScreen.xib */,
				188410121A929CA5009B897A /* Supporting Files */,
			);
			path = Hypnosystem;
			sourceTree = "<group>";
		};
		188410121A929CA5009B897A /* Supporting Files */ = {
			isa = PBXGroup;
			children = (
				188410131A929CA5009B897A /* Info.plist */,
			);
			name = "Supporting Files";
			sourceTree = "<group>";
		};
		188410271A929CA5009B897A /* HypnosystemTests */ = {
			isa = PBXGroup;
			children = (
				1884102A1A929CA5009B897A /* HypnosystemTests.swift */,
				188410281A929CA5009B897A /* Supporting Files */,
			);
			path = HypnosystemTests;
			sourceTree = "<group>";
		};
		188410281A929CA5009B897A /* Supporting Files */ = {
			isa = PBXGroup;
			children = (
				188410291A929CA5009B897A /* Info.plist */,
			);
			name = "Supporting Files";
			sourceTree = "<group>";
		};
/* End PBXGroup section */

/* Begin PBXNativeTarget section */
		1884100E1A929CA5009B897A /* Hypnosystem */ = {
			isa = PBXNativeTarget;
			buildConfigurationList = 1884102E1A929CA5009B897A /* Build configuration list for PBXNativeTarget "Hypnosystem" */;
			buildPhases = (
				1884100B1A929CA5009B897A /* Sources */,
				1884100C1A929CA5009B897A /* Frameworks */,
				1884100D1A929CA5009B897A /* Resources */,
			);
			buildRules = (
			);
			dependencies = (
			);
			name = Hypnosystem;
			productName = Hypnosystem;
			productReference = 1884100F1A929CA5009B897A /* Hypnosystem.app */;
			productType = "com.apple.product-type.application";
		};
		188410231A929CA5009B897A /* HypnosystemTests */ = {
			isa = PBXNativeTarget;
			buildConfigurationList = 188410311A929CA5009B897A /* Build configuration list for PBXNativeTarget "HypnosystemTests" */;
			buildPhases = (
				188410201A929CA5009B897A /* Sources */,
				188410211A929CA5009B897A /* Frameworks */,
				188410221A929CA5009B897A /* Resources */,
			);
			buildRules = (
			);
			dependencies = (
				188410261A929CA5009B897A /* PBXTargetDependency */,
			);
			name = HypnosystemTests;
			productName = HypnosystemTests;
			productReference = 188410241A929CA5009B897A /* HypnosystemTests.xctest */;
			productType = "com.apple.product-type.bundle.unit-test";
		};
/* End PBXNativeTarget section */

/* Begin PBXProject section */
		188410071A929CA5009B897A /* Project object */ = {
			isa = PBXProject;
			attributes = {
				LastUpgradeCheck = 0610;
				ORGANIZATIONNAME = "Johanna Lichtman";
				TargetAttributes = {
					1884100E1A929CA5009B897A = {
						CreatedOnToolsVersion = 6.1.1;
					};
					188410231A929CA5009B897A = {
						CreatedOnToolsVersion = 6.1.1;
						TestTargetID = 1884100E1A929CA5009B897A;
					};
				};
			};
			buildConfigurationList = 1884100A1A929CA5009B897A /* Build configuration list for PBXProject "Hypnosystem" */;
			compatibilityVersion = "Xcode 3.2";
			developmentRegion = English;
			hasScannedForEncodings = 0;
			knownRegions = (
				en,
				Base,
			);
			mainGroup = 188410061A929CA5009B897A;
			productRefGroup = 188410101A929CA5009B897A /* Products */;
			projectDirPath = "";
			projectRoot = "";
			targets = (
				1884100E1A929CA5009B897A /* Hypnosystem */,
				188410231A929CA5009B897A /* HypnosystemTests */,
			);
		};
/* End PBXProject section */

/* Begin PBXResourcesBuildPhase section */
		1884100D1A929CA5009B897A /* Resources */ = {
			isa = PBXResourcesBuildPhase;
			buildActionMask = 2147483647;
			files = (
				1884101F1A929CA5009B897A /* LaunchScreen.xib in Resources */,
				185F39391A93B58D00ABF846 /* ReminderViewController.xib in Resources */,
				1884101C1A929CA5009B897A /* Images.xcassets in Resources */,
			);
			runOnlyForDeploymentPostprocessing = 0;
		};
		188410221A929CA5009B897A /* Resources */ = {
			isa = PBXResourcesBuildPhase;
			buildActionMask = 2147483647;
			files = (
			);
			runOnlyForDeploymentPostprocessing = 0;
		};
/* End PBXResourcesBuildPhase section */

/* Begin PBXSourcesBuildPhase section */
		1884100B1A929CA5009B897A /* Sources */ = {
			isa = PBXSourcesBuildPhase;
			buildActionMask = 2147483647;
			files = (
				188410171A929CA5009B897A /* ViewController.swift in Sources */,
				185F39311A92A75B00ABF846 /* HypnosisView.swift in Sources */,
				185F39371A93B4C400ABF846 /* ReminderViewController.swift in Sources */,
				185F39351A93B2AD00ABF846 /* HypnosisViewController.swift in Sources */,
				185F39331A92C6C600ABF846 /* MiniMapView.swift in Sources */,
				188410151A929CA5009B897A /* AppDelegate.swift in Sources */,
			);
			runOnlyForDeploymentPostprocessing = 0;
		};
		188410201A929CA5009B897A /* Sources */ = {
			isa = PBXSourcesBuildPhase;
			buildActionMask = 2147483647;
			files = (
				1884102B1A929CA5009B897A /* HypnosystemTests.swift in Sources */,
			);
			runOnlyForDeploymentPostprocessing = 0;
		};
/* End PBXSourcesBuildPhase section */

/* Begin PBXTargetDependency section */
		188410261A929CA5009B897A /* PBXTargetDependency */ = {
			isa = PBXTargetDependency;
			target = 1884100E1A929CA5009B897A /* Hypnosystem */;
			targetProxy = 188410251A929CA5009B897A /* PBXContainerItemProxy */;
		};
/* End PBXTargetDependency section */

/* Begin PBXVariantGroup section */
		1884101D1A929CA5009B897A /* LaunchScreen.xib */ = {
			isa = PBXVariantGroup;
			children = (
				1884101E1A929CA5009B897A /* Base */,
			);
			name = LaunchScreen.xib;
			sourceTree = "<group>";
		};
/* End PBXVariantGroup section */

/* Begin XCBuildConfiguration section */
		1884102C1A929CA5009B897A /* Debug */ = {
			isa = XCBuildConfiguration;
			buildSettings = {
				ALWAYS_SEARCH_USER_PATHS = NO;
				CLANG_CXX_LANGUAGE_STANDARD = "gnu++0x";
				CLANG_CXX_LIBRARY = "libc++";
				CLANG_ENABLE_MODULES = YES;
				CLANG_ENABLE_OBJC_ARC = YES;
				CLANG_WARN_BOOL_CONVERSION = YES;
				CLANG_WARN_CONSTANT_CONVERSION = YES;
				CLANG_WARN_DIRECT_OBJC_ISA_USAGE = YES_ERROR;
				CLANG_WARN_EMPTY_BODY = YES;
				CLANG_WARN_ENUM_CONVERSION = YES;
				CLANG_WARN_INT_CONVERSION = YES;
				CLANG_WARN_OBJC_ROOT_CLASS = YES_ERROR;
				CLANG_WARN_UNREACHABLE_CODE = YES;
				CLANG_WARN__DUPLICATE_METHOD_MATCH = YES;
				"CODE_SIGN_IDENTITY[sdk=iphoneos*]" = "iPhone Developer";
				COPY_PHASE_STRIP = NO;
				ENABLE_STRICT_OBJC_MSGSEND = YES;
				GCC_C_LANGUAGE_STANDARD = gnu99;
				GCC_DYNAMIC_NO_PIC = NO;
				GCC_OPTIMIZATION_LEVEL = 0;
				GCC_PREPROCESSOR_DEFINITIONS = (
					"DEBUG=1",
					"$(inherited)",
				);
				GCC_SYMBOLS_PRIVATE_EXTERN = NO;
				GCC_WARN_64_TO_32_BIT_CONVERSION = YES;
				GCC_WARN_ABOUT_RETURN_TYPE = YES_ERROR;
				GCC_WARN_UNDECLARED_SELECTOR = YES;
				GCC_WARN_UNINITIALIZED_AUTOS = YES_AGGRESSIVE;
				GCC_WARN_UNUSED_FUNCTION = YES;
				GCC_WARN_UNUSED_VARIABLE = YES;
				IPHONEOS_DEPLOYMENT_TARGET = 8.1;
				MTL_ENABLE_DEBUG_INFO = YES;
				ONLY_ACTIVE_ARCH = YES;
				SDKROOT = iphoneos;
				SWIFT_OPTIMIZATION_LEVEL = "-Onone";
			};
			name = Debug;
		};
		1884102D1A929CA5009B897A /* Release */ = {
			isa = XCBuildConfiguration;
			buildSettings = {
				ALWAYS_SEARCH_USER_PATHS = NO;
				CLANG_CXX_LANGUAGE_STANDARD = "gnu++0x";
				CLANG_CXX_LIBRARY = "libc++";
				CLANG_ENABLE_MODULES = YES;
				CLANG_ENABLE_OBJC_ARC = YES;
				CLANG_WARN_BOOL_CONVERSION = YES;
				CLANG_WARN_CONSTANT_CONVERSION = YES;
				CLANG_WARN_DIRECT_OBJC_ISA_USAGE = YES_ERROR;
				CLANG_WARN_EMPTY_BODY = YES;
				CLANG_WARN_ENUM_CONVERSION = YES;
				CLANG_WARN_INT_CONVERSION = YES;
				CLANG_WARN_OBJC_ROOT_CLASS = YES_ERROR;
				CLANG_WARN_UNREACHABLE_CODE = YES;
				CLANG_WARN__DUPLICATE_METHOD_MATCH = YES;
				"CODE_SIGN_IDENTITY[sdk=iphoneos*]" = "iPhone Developer";
				COPY_PHASE_STRIP = YES;
				ENABLE_NS_ASSERTIONS = NO;
				ENABLE_STRICT_OBJC_MSGSEND = YES;
				GCC_C_LANGUAGE_STANDARD = gnu99;
				GCC_WARN_64_TO_32_BIT_CONVERSION = YES;
				GCC_WARN_ABOUT_RETURN_TYPE = YES_ERROR;
				GCC_WARN_UNDECLARED_SELECTOR = YES;
				GCC_WARN_UNINITIALIZED_AUTOS = YES_AGGRESSIVE;
				GCC_WARN_UNUSED_FUNCTION = YES;
				GCC_WARN_UNUSED_VARIABLE = YES;
				IPHONEOS_DEPLOYMENT_TARGET = 8.1;
				MTL_ENABLE_DEBUG_INFO = NO;
				SDKROOT = iphoneos;
				VALIDATE_PRODUCT = YES;
			};
			name = Release;
		};
		1884102F1A929CA5009B897A /* Debug */ = {
			isa = XCBuildConfiguration;
			buildSettings = {
				ASSETCATALOG_COMPILER_APPICON_NAME = AppIcon;
				INFOPLIST_FILE = Hypnosystem/Info.plist;
				LD_RUNPATH_SEARCH_PATHS = "$(inherited) @executable_path/Frameworks";
				PRODUCT_NAME = "$(TARGET_NAME)";
			};
			name = Debug;
		};
		188410301A929CA5009B897A /* Release */ = {
			isa = XCBuildConfiguration;
			buildSettings = {
				ASSETCATALOG_COMPILER_APPICON_NAME = AppIcon;
				INFOPLIST_FILE = Hypnosystem/Info.plist;
				LD_RUNPATH_SEARCH_PATHS = "$(inherited) @executable_path/Frameworks";
				PRODUCT_NAME = "$(TARGET_NAME)";
			};
			name = Release;
		};
		188410321A929CA5009B897A /* Debug */ = {
			isa = XCBuildConfiguration;
			buildSettings = {
				BUNDLE_LOADER = "$(TEST_HOST)";
				FRAMEWORK_SEARCH_PATHS = (
					"$(SDKROOT)/Developer/Library/Frameworks",
					"$(inherited)",
				);
				GCC_PREPROCESSOR_DEFINITIONS = (
					"DEBUG=1",
					"$(inherited)",
				);
				INFOPLIST_FILE = HypnosystemTests/Info.plist;
				LD_RUNPATH_SEARCH_PATHS = "$(inherited) @executable_path/Frameworks @loader_path/Frameworks";
				PRODUCT_NAME = "$(TARGET_NAME)";
				TEST_HOST = "$(BUILT_PRODUCTS_DIR)/Hypnosystem.app/Hypnosystem";
			};
			name = Debug;
		};
		188410331A929CA5009B897A /* Release */ = {
			isa = XCBuildConfiguration;
			buildSettings = {
				BUNDLE_LOADER = "$(TEST_HOST)";
				FRAMEWORK_SEARCH_PATHS = (
					"$(SDKROOT)/Developer/Library/Frameworks",
					"$(inherited)",
				);
				INFOPLIST_FILE = HypnosystemTests/Info.plist;
				LD_RUNPATH_SEARCH_PATHS = "$(inherited) @executable_path/Frameworks @loader_path/Frameworks";
				PRODUCT_NAME = "$(TARGET_NAME)";
				TEST_HOST = "$(BUILT_PRODUCTS_DIR)/Hypnosystem.app/Hypnosystem";
			};
			name = Release;
		};
/* End XCBuildConfiguration section */

/* Begin XCConfigurationList section */
		1884100A1A929CA5009B897A /* Build configuration list for PBXProject "Hypnosystem" */ = {
			isa = XCConfigurationList;
			buildConfigurations = (
				1884102C1A929CA5009B897A /* Debug */,
				1884102D1A929CA5009B897A /* Release */,
			);
			defaultConfigurationIsVisible = 0;
			defaultConfigurationName = Release;
		};
		1884102E1A929CA5009B897A /* Build configuration list for PBXNativeTarget "Hypnosystem" */ = {
			isa = XCConfigurationList;
			buildConfigurations = (
				1884102F1A929CA5009B897A /* Debug */,
				188410301A929CA5009B897A /* Release */,
			);
			defaultConfigurationIsVisible = 0;
			defaultConfigurationName = Release;
		};
		188410311A929CA5009B897A /* Build configuration list for PBXNativeTarget "HypnosystemTests" */ = {
			isa = XCConfigurationList;
			buildConfigurations = (
				188410321A929CA5009B897A /* Debug */,
				188410331A929CA5009B897A /* Release */,
			);
			defaultConfigurationIsVisible = 0;
			defaultConfigurationName = Release;
		};
/* End XCConfigurationList section */
	};
	rootObject = 188410071A929CA5009B897A /* Project object */;
}
